
Microsoft Visual Studio Solution File, Format Version 12.00
# Visual Studio Version 16
VisualStudioVersion = 16.0.29920.165
MinimumVisualStudioVersion = 10.0.40219.1
Project("{9A19103F-16F7-4668-BE54-9A1E7A4F7556}") = "Waves.UI", "..\sources\Waves.UI\Waves.UI.csproj", "{B8ECF9B4-ED14-467E-88B4-73D45A1C8964}"
EndProject
Project("{9A19103F-16F7-4668-BE54-9A1E7A4F7556}") = "Waves.UI.Drawing", "..\sources\Waves.UI.Drawing\Waves.UI.Drawing.csproj", "{EB31D86A-829A-43B2-8651-EA587515A02F}"
EndProject
Project("{9A19103F-16F7-4668-BE54-9A1E7A4F7556}") = "Waves.UI.Drawing.Charting", "..\sources\Waves.UI.Drawing.Charting\Waves.UI.Drawing.Charting.csproj", "{4033E9AC-CF40-44AB-924B-D8311E770D54}"
EndProject
Project("{2150E333-8FDC-42A3-9474-1A3956D46DE8}") = "Engines", "Engines", "{06A0C56A-1E8F-4882-8618-37A1622ACA2F}"
EndProject
Project("{9A19103F-16F7-4668-BE54-9A1E7A4F7556}") = "Waves.UI.Common.Engine.Skia", "..\sources\Waves.UI.Common.Engine.Skia\Waves.UI.Common.Engine.Skia.csproj", "{383883E6-41CB-4BFC-AAEB-1A5FDC3FB0F6}"
EndProject
Project("{2150E333-8FDC-42A3-9474-1A3956D46DE8}") = "Core", "Core", "{AC98F80E-56BC-431E-9A34-ED5359015CBA}"
EndProject
Project("{2150E333-8FDC-42A3-9474-1A3956D46DE8}") = "Presentation", "Presentation", "{84B47837-433D-4399-974F-65A6D5A85019}"
EndProject
Project("{9A19103F-16F7-4668-BE54-9A1E7A4F7556}") = "Waves.Core", "..\submodules\presentation\submodules\core\sources\Waves.Core\Waves.Core.csproj", "{3BB3B138-3DBD-4501-9645-844D8C68C27E}"
EndProject
Project("{9A19103F-16F7-4668-BE54-9A1E7A4F7556}") = "Waves.Presentation", "..\submodules\presentation\sources\Waves.Presentation\Waves.Presentation.csproj", "{4D9A666E-59FF-4169-A650-994E18CBA427}"
EndProject
Project("{9A19103F-16F7-4668-BE54-9A1E7A4F7556}") = "Waves.Core.Base", "..\submodules\presentation\submodules\core\sources\Waves.Core.Base\Waves.Core.Base.csproj", "{70AE2BE7-1DD1-4B74-B8B6-01954F9B94E5}"
EndProject
Project("{2150E333-8FDC-42A3-9474-1A3956D46DE8}") = "Utils", "Utils", "{CF2B1BD2-FCAD-4101-8348-30C98D6B0F17}"
EndProject
Project("{9A19103F-16F7-4668-BE54-9A1E7A4F7556}") = "Waves.Utils.Serialization", "..\submodules\presentation\submodules\core\submodules\utils\sources\Waves.Utils.Serialization\Waves.Utils.Serialization.csproj", "{01D30050-E744-4860-B385-78727643BDC8}"
EndProject
Global
	GlobalSection(SolutionConfigurationPlatforms) = preSolution
		Debug|Any CPU = Debug|Any CPU
		Debug|x64 = Debug|x64
		Debug|x86 = Debug|x86
		Release|Any CPU = Release|Any CPU
		Release|x64 = Release|x64
		Release|x86 = Release|x86
	EndGlobalSection
	GlobalSection(ProjectConfigurationPlatforms) = postSolution
		{B8ECF9B4-ED14-467E-88B4-73D45A1C8964}.Debug|Any CPU.ActiveCfg = Debug|Any CPU
		{B8ECF9B4-ED14-467E-88B4-73D45A1C8964}.Debug|Any CPU.Build.0 = Debug|Any CPU
		{B8ECF9B4-ED14-467E-88B4-73D45A1C8964}.Debug|x64.ActiveCfg = Debug|x64
		{B8ECF9B4-ED14-467E-88B4-73D45A1C8964}.Debug|x64.Build.0 = Debug|x64
		{B8ECF9B4-ED14-467E-88B4-73D45A1C8964}.Debug|x86.ActiveCfg = Debug|x86
		{B8ECF9B4-ED14-467E-88B4-73D45A1C8964}.Debug|x86.Build.0 = Debug|x86
		{B8ECF9B4-ED14-467E-88B4-73D45A1C8964}.Release|Any CPU.ActiveCfg = Release|Any CPU
		{B8ECF9B4-ED14-467E-88B4-73D45A1C8964}.Release|Any CPU.Build.0 = Release|Any CPU
		{B8ECF9B4-ED14-467E-88B4-73D45A1C8964}.Release|x64.ActiveCfg = Release|x64
		{B8ECF9B4-ED14-467E-88B4-73D45A1C8964}.Release|x64.Build.0 = Release|x64
		{B8ECF9B4-ED14-467E-88B4-73D45A1C8964}.Release|x86.ActiveCfg = Release|x86
		{B8ECF9B4-ED14-467E-88B4-73D45A1C8964}.Release|x86.Build.0 = Release|x86
		{EB31D86A-829A-43B2-8651-EA587515A02F}.Debug|Any CPU.ActiveCfg = Debug|Any CPU
		{EB31D86A-829A-43B2-8651-EA587515A02F}.Debug|Any CPU.Build.0 = Debug|Any CPU
		{EB31D86A-829A-43B2-8651-EA587515A02F}.Debug|x64.ActiveCfg = Debug|x64
		{EB31D86A-829A-43B2-8651-EA587515A02F}.Debug|x64.Build.0 = Debug|x64
		{EB31D86A-829A-43B2-8651-EA587515A02F}.Debug|x86.ActiveCfg = Debug|x86
		{EB31D86A-829A-43B2-8651-EA587515A02F}.Debug|x86.Build.0 = Debug|x86
		{EB31D86A-829A-43B2-8651-EA587515A02F}.Release|Any CPU.ActiveCfg = Release|Any CPU
		{EB31D86A-829A-43B2-8651-EA587515A02F}.Release|Any CPU.Build.0 = Release|Any CPU
		{EB31D86A-829A-43B2-8651-EA587515A02F}.Release|x64.ActiveCfg = Release|x64
		{EB31D86A-829A-43B2-8651-EA587515A02F}.Release|x64.Build.0 = Release|x64
		{EB31D86A-829A-43B2-8651-EA587515A02F}.Release|x86.ActiveCfg = Release|x86
		{EB31D86A-829A-43B2-8651-EA587515A02F}.Release|x86.Build.0 = Release|x86
		{4033E9AC-CF40-44AB-924B-D8311E770D54}.Debug|Any CPU.ActiveCfg = Debug|Any CPU
		{4033E9AC-CF40-44AB-924B-D8311E770D54}.Debug|Any CPU.Build.0 = Debug|Any CPU
		{4033E9AC-CF40-44AB-924B-D8311E770D54}.Debug|x64.ActiveCfg = Debug|x64
		{4033E9AC-CF40-44AB-924B-D8311E770D54}.Debug|x64.Build.0 = Debug|x64
		{4033E9AC-CF40-44AB-924B-D8311E770D54}.Debug|x86.ActiveCfg = Debug|x86
		{4033E9AC-CF40-44AB-924B-D8311E770D54}.Debug|x86.Build.0 = Debug|x86
		{4033E9AC-CF40-44AB-924B-D8311E770D54}.Release|Any CPU.ActiveCfg = Release|Any CPU
		{4033E9AC-CF40-44AB-924B-D8311E770D54}.Release|Any CPU.Build.0 = Release|Any CPU
		{4033E9AC-CF40-44AB-924B-D8311E770D54}.Release|x64.ActiveCfg = Release|x64
		{4033E9AC-CF40-44AB-924B-D8311E770D54}.Release|x64.Build.0 = Release|x64
		{4033E9AC-CF40-44AB-924B-D8311E770D54}.Release|x86.ActiveCfg = Release|x86
		{4033E9AC-CF40-44AB-924B-D8311E770D54}.Release|x86.Build.0 = Release|x86
		{383883E6-41CB-4BFC-AAEB-1A5FDC3FB0F6}.Debug|Any CPU.ActiveCfg = Debug|Any CPU
		{383883E6-41CB-4BFC-AAEB-1A5FDC3FB0F6}.Debug|Any CPU.Build.0 = Debug|Any CPU
		{383883E6-41CB-4BFC-AAEB-1A5FDC3FB0F6}.Debug|x64.ActiveCfg = Debug|Any CPU
		{383883E6-41CB-4BFC-AAEB-1A5FDC3FB0F6}.Debug|x64.Build.0 = Debug|Any CPU
		{383883E6-41CB-4BFC-AAEB-1A5FDC3FB0F6}.Debug|x86.ActiveCfg = Debug|Any CPU
		{383883E6-41CB-4BFC-AAEB-1A5FDC3FB0F6}.Debug|x86.Build.0 = Debug|Any CPU
		{383883E6-41CB-4BFC-AAEB-1A5FDC3FB0F6}.Release|Any CPU.ActiveCfg = Release|Any CPU
		{383883E6-41CB-4BFC-AAEB-1A5FDC3FB0F6}.Release|Any CPU.Build.0 = Release|Any CPU
		{383883E6-41CB-4BFC-AAEB-1A5FDC3FB0F6}.Release|x64.ActiveCfg = Release|Any CPU
		{383883E6-41CB-4BFC-AAEB-1A5FDC3FB0F6}.Release|x64.Build.0 = Release|Any CPU
		{383883E6-41CB-4BFC-AAEB-1A5FDC3FB0F6}.Release|x86.ActiveCfg = Release|Any CPU
		{383883E6-41CB-4BFC-AAEB-1A5FDC3FB0F6}.Release|x86.Build.0 = Release|Any CPU
		{3BB3B138-3DBD-4501-9645-844D8C68C27E}.Debug|Any CPU.ActiveCfg = Debug|Any CPU
		{3BB3B138-3DBD-4501-9645-844D8C68C27E}.Debug|Any CPU.Build.0 = Debug|Any CPU
		{3BB3B138-3DBD-4501-9645-844D8C68C27E}.Debug|x64.ActiveCfg = Debug|x64
		{3BB3B138-3DBD-4501-9645-844D8C68C27E}.Debug|x64.Build.0 = Debug|x64
		{3BB3B138-3DBD-4501-9645-844D8C68C27E}.Debug|x86.ActiveCfg = Debug|x86
		{3BB3B138-3DBD-4501-9645-844D8C68C27E}.Debug|x86.Build.0 = Debug|x86
		{3BB3B138-3DBD-4501-9645-844D8C68C27E}.Release|Any CPU.ActiveCfg = Release|Any CPU
		{3BB3B138-3DBD-4501-9645-844D8C68C27E}.Release|Any CPU.Build.0 = Release|Any CPU
		{3BB3B138-3DBD-4501-9645-844D8C68C27E}.Release|x64.ActiveCfg = Release|x64
		{3BB3B138-3DBD-4501-9645-844D8C68C27E}.Release|x64.Build.0 = Release|x64
		{3BB3B138-3DBD-4501-9645-844D8C68C27E}.Release|x86.ActiveCfg = Release|x86
		{3BB3B138-3DBD-4501-9645-844D8C68C27E}.Release|x86.Build.0 = Release|x86
		{4D9A666E-59FF-4169-A650-994E18CBA427}.Debug|Any CPU.ActiveCfg = Debug|Any CPU
		{4D9A666E-59FF-4169-A650-994E18CBA427}.Debug|Any CPU.Build.0 = Debug|Any CPU
		{4D9A666E-59FF-4169-A650-994E18CBA427}.Debug|x64.ActiveCfg = Debug|x64
		{4D9A666E-59FF-4169-A650-994E18CBA427}.Debug|x64.Build.0 = Debug|x64
		{4D9A666E-59FF-4169-A650-994E18CBA427}.Debug|x86.ActiveCfg = Debug|x86
		{4D9A666E-59FF-4169-A650-994E18CBA427}.Debug|x86.Build.0 = Debug|x86
		{4D9A666E-59FF-4169-A650-994E18CBA427}.Release|Any CPU.ActiveCfg = Release|Any CPU
		{4D9A666E-59FF-4169-A650-994E18CBA427}.Release|Any CPU.Build.0 = Release|Any CPU
		{4D9A666E-59FF-4169-A650-994E18CBA427}.Release|x64.ActiveCfg = Release|x64
		{4D9A666E-59FF-4169-A650-994E18CBA427}.Release|x64.Build.0 = Release|x64
		{4D9A666E-59FF-4169-A650-994E18CBA427}.Release|x86.ActiveCfg = Release|x86
		{4D9A666E-59FF-4169-A650-994E18CBA427}.Release|x86.Build.0 = Release|x86
		{70AE2BE7-1DD1-4B74-B8B6-01954F9B94E5}.Debug|Any CPU.ActiveCfg = Debug|Any CPU
		{70AE2BE7-1DD1-4B74-B8B6-01954F9B94E5}.Debug|Any CPU.Build.0 = Debug|Any CPU
		{70AE2BE7-1DD1-4B74-B8B6-01954F9B94E5}.Debug|x64.ActiveCfg = Debug|x64
		{70AE2BE7-1DD1-4B74-B8B6-01954F9B94E5}.Debug|x64.Build.0 = Debug|x64
		{70AE2BE7-1DD1-4B74-B8B6-01954F9B94E5}.Debug|x86.ActiveCfg = Debug|x86
		{70AE2BE7-1DD1-4B74-B8B6-01954F9B94E5}.Debug|x86.Build.0 = Debug|x86
		{70AE2BE7-1DD1-4B74-B8B6-01954F9B94E5}.Release|Any CPU.ActiveCfg = Release|Any CPU
		{70AE2BE7-1DD1-4B74-B8B6-01954F9B94E5}.Release|Any CPU.Build.0 = Release|Any CPU
		{70AE2BE7-1DD1-4B74-B8B6-01954F9B94E5}.Release|x64.ActiveCfg = Release|x64
		{70AE2BE7-1DD1-4B74-B8B6-01954F9B94E5}.Release|x64.Build.0 = Release|x64
		{70AE2BE7-1DD1-4B74-B8B6-01954F9B94E5}.Release|x86.ActiveCfg = Release|x86
		{70AE2BE7-1DD1-4B74-B8B6-01954F9B94E5}.Release|x86.Build.0 = Release|x86
		{01D30050-E744-4860-B385-78727643BDC8}.Debug|Any CPU.ActiveCfg = Debug|Any CPU
		{01D30050-E744-4860-B385-78727643BDC8}.Debug|Any CPU.Build.0 = Debug|Any CPU
		{01D30050-E744-4860-B385-78727643BDC8}.Debug|x64.ActiveCfg = Debug|x64
		{01D30050-E744-4860-B385-78727643BDC8}.Debug|x64.Build.0 = Debug|x64
		{01D30050-E744-4860-B385-78727643BDC8}.Debug|x86.ActiveCfg = Debug|x86
		{01D30050-E744-4860-B385-78727643BDC8}.Debug|x86.Build.0 = Debug|x86
		{01D30050-E744-4860-B385-78727643BDC8}.Release|Any CPU.ActiveCfg = Release|Any CPU
		{01D30050-E744-4860-B385-78727643BDC8}.Release|Any CPU.Build.0 = Release|Any CPU
		{01D30050-E744-4860-B385-78727643BDC8}.Release|x64.ActiveCfg = Release|x64
		{01D30050-E744-4860-B385-78727643BDC8}.Release|x64.Build.0 = Release|x64
		{01D30050-E744-4860-B385-78727643BDC8}.Release|x86.ActiveCfg = Release|x86
		{01D30050-E744-4860-B385-78727643BDC8}.Release|x86.Build.0 = Release|x86
	EndGlobalSection
	GlobalSection(SolutionProperties) = preSolution
		HideSolutionNode = FALSE
	EndGlobalSection
	GlobalSection(NestedProjects) = preSolution
		{383883E6-41CB-4BFC-AAEB-1A5FDC3FB0F6} = {06A0C56A-1E8F-4882-8618-37A1622ACA2F}
		{3BB3B138-3DBD-4501-9645-844D8C68C27E} = {AC98F80E-56BC-431E-9A34-ED5359015CBA}
		{4D9A666E-59FF-4169-A650-994E18CBA427} = {84B47837-433D-4399-974F-65A6D5A85019}
		{70AE2BE7-1DD1-4B74-B8B6-01954F9B94E5} = {AC98F80E-56BC-431E-9A34-ED5359015CBA}
		{01D30050-E744-4860-B385-78727643BDC8} = {CF2B1BD2-FCAD-4101-8348-30C98D6B0F17}
	EndGlobalSection
	GlobalSection(ExtensibilityGlobals) = postSolution
		SolutionGuid = {C83D1648-EB11-4B09-AACA-4134BE8A7B82}
	EndGlobalSection
EndGlobal
