
Microsoft Visual Studio Solution File, Format Version 12.00
# Visual Studio Version 16
VisualStudioVersion = 16.0.29920.165
MinimumVisualStudioVersion = 10.0.40219.1
Project("{9A19103F-16F7-4668-BE54-9A1E7A4F7556}") = "Waves.UI", "..\sources\Waves.UI\Waves.UI.csproj", "{B8ECF9B4-ED14-467E-88B4-73D45A1C8964}"
EndProject
Project("{2150E333-8FDC-42A3-9474-1A3956D46DE8}") = "Core", "Core", "{AC98F80E-56BC-431E-9A34-ED5359015CBA}"
EndProject
Project("{9A19103F-16F7-4668-BE54-9A1E7A4F7556}") = "Waves.Core", "..\submodules\core\sources\Waves.Core\Waves.Core.csproj", "{D9E171E6-550A-45DD-8A24-CE04A9A44185}"
EndProject
Project("{2150E333-8FDC-42A3-9474-1A3956D46DE8}") = "Plugins", "Plugins", "{C3E57D9F-BF91-4FF2-980D-64FD7212637A}"
EndProject
Project("{2150E333-8FDC-42A3-9474-1A3956D46DE8}") = "Services", "Services", "{DB972E27-FF81-421D-94BA-89B25F6EF16A}"
EndProject
Project("{9A19103F-16F7-4668-BE54-9A1E7A4F7556}") = "Waves.Core.Plugins.Services.Log.NLog", "..\submodules\core\sources\Waves.Core.Plugins.Services.Log.NLog\Waves.Core.Plugins.Services.Log.NLog.csproj", "{C5CEC1EE-11EC-47B9-BE2E-6F865EFBEFB7}"
EndProject
Project("{9A19103F-16F7-4668-BE54-9A1E7A4F7556}") = "Waves.Core.Plugins.Services.Log.Console", "..\submodules\core\sources\Waves.Core.Plugins.Services.Log.Console\Waves.Core.Plugins.Services.Log.Console.csproj", "{AFDF8F16-E785-48CD-B6D8-9155FFCADC01}"
EndProject
Global
	GlobalSection(SolutionConfigurationPlatforms) = preSolution
		Debug|Any CPU = Debug|Any CPU
		Debug|x64 = Debug|x64
		Debug|x86 = Debug|x86
		Release|Any CPU = Release|Any CPU
		Release|x64 = Release|x64
		Release|x86 = Release|x86
	EndGlobalSection
	GlobalSection(ProjectConfigurationPlatforms) = postSolution
		{B8ECF9B4-ED14-467E-88B4-73D45A1C8964}.Debug|Any CPU.ActiveCfg = Debug|Any CPU
		{B8ECF9B4-ED14-467E-88B4-73D45A1C8964}.Debug|Any CPU.Build.0 = Debug|Any CPU
		{B8ECF9B4-ED14-467E-88B4-73D45A1C8964}.Debug|x64.ActiveCfg = Debug|x64
		{B8ECF9B4-ED14-467E-88B4-73D45A1C8964}.Debug|x64.Build.0 = Debug|x64
		{B8ECF9B4-ED14-467E-88B4-73D45A1C8964}.Debug|x86.ActiveCfg = Debug|x86
		{B8ECF9B4-ED14-467E-88B4-73D45A1C8964}.Debug|x86.Build.0 = Debug|x86
		{B8ECF9B4-ED14-467E-88B4-73D45A1C8964}.Release|Any CPU.ActiveCfg = Release|Any CPU
		{B8ECF9B4-ED14-467E-88B4-73D45A1C8964}.Release|Any CPU.Build.0 = Release|Any CPU
		{B8ECF9B4-ED14-467E-88B4-73D45A1C8964}.Release|x64.ActiveCfg = Release|x64
		{B8ECF9B4-ED14-467E-88B4-73D45A1C8964}.Release|x64.Build.0 = Release|x64
		{B8ECF9B4-ED14-467E-88B4-73D45A1C8964}.Release|x86.ActiveCfg = Release|x86
		{B8ECF9B4-ED14-467E-88B4-73D45A1C8964}.Release|x86.Build.0 = Release|x86
		{D9E171E6-550A-45DD-8A24-CE04A9A44185}.Debug|Any CPU.ActiveCfg = Debug|Any CPU
		{D9E171E6-550A-45DD-8A24-CE04A9A44185}.Debug|Any CPU.Build.0 = Debug|Any CPU
		{D9E171E6-550A-45DD-8A24-CE04A9A44185}.Debug|x64.ActiveCfg = Debug|x64
		{D9E171E6-550A-45DD-8A24-CE04A9A44185}.Debug|x64.Build.0 = Debug|x64
		{D9E171E6-550A-45DD-8A24-CE04A9A44185}.Debug|x86.ActiveCfg = Debug|x86
		{D9E171E6-550A-45DD-8A24-CE04A9A44185}.Debug|x86.Build.0 = Debug|x86
		{D9E171E6-550A-45DD-8A24-CE04A9A44185}.Release|Any CPU.ActiveCfg = Release|Any CPU
		{D9E171E6-550A-45DD-8A24-CE04A9A44185}.Release|Any CPU.Build.0 = Release|Any CPU
		{D9E171E6-550A-45DD-8A24-CE04A9A44185}.Release|x64.ActiveCfg = Release|x64
		{D9E171E6-550A-45DD-8A24-CE04A9A44185}.Release|x64.Build.0 = Release|x64
		{D9E171E6-550A-45DD-8A24-CE04A9A44185}.Release|x86.ActiveCfg = Release|x86
		{D9E171E6-550A-45DD-8A24-CE04A9A44185}.Release|x86.Build.0 = Release|x86
		{C5CEC1EE-11EC-47B9-BE2E-6F865EFBEFB7}.Debug|Any CPU.ActiveCfg = Debug|Any CPU
		{C5CEC1EE-11EC-47B9-BE2E-6F865EFBEFB7}.Debug|Any CPU.Build.0 = Debug|Any CPU
		{C5CEC1EE-11EC-47B9-BE2E-6F865EFBEFB7}.Debug|x64.ActiveCfg = Debug|x64
		{C5CEC1EE-11EC-47B9-BE2E-6F865EFBEFB7}.Debug|x64.Build.0 = Debug|x64
		{C5CEC1EE-11EC-47B9-BE2E-6F865EFBEFB7}.Debug|x86.ActiveCfg = Debug|x86
		{C5CEC1EE-11EC-47B9-BE2E-6F865EFBEFB7}.Debug|x86.Build.0 = Debug|x86
		{C5CEC1EE-11EC-47B9-BE2E-6F865EFBEFB7}.Release|Any CPU.ActiveCfg = Release|Any CPU
		{C5CEC1EE-11EC-47B9-BE2E-6F865EFBEFB7}.Release|Any CPU.Build.0 = Release|Any CPU
		{C5CEC1EE-11EC-47B9-BE2E-6F865EFBEFB7}.Release|x64.ActiveCfg = Release|x64
		{C5CEC1EE-11EC-47B9-BE2E-6F865EFBEFB7}.Release|x64.Build.0 = Release|x64
		{C5CEC1EE-11EC-47B9-BE2E-6F865EFBEFB7}.Release|x86.ActiveCfg = Release|x86
		{C5CEC1EE-11EC-47B9-BE2E-6F865EFBEFB7}.Release|x86.Build.0 = Release|x86
		{AFDF8F16-E785-48CD-B6D8-9155FFCADC01}.Debug|Any CPU.ActiveCfg = Debug|Any CPU
		{AFDF8F16-E785-48CD-B6D8-9155FFCADC01}.Debug|Any CPU.Build.0 = Debug|Any CPU
		{AFDF8F16-E785-48CD-B6D8-9155FFCADC01}.Debug|x64.ActiveCfg = Debug|x64
		{AFDF8F16-E785-48CD-B6D8-9155FFCADC01}.Debug|x64.Build.0 = Debug|x64
		{AFDF8F16-E785-48CD-B6D8-9155FFCADC01}.Debug|x86.ActiveCfg = Debug|x86
		{AFDF8F16-E785-48CD-B6D8-9155FFCADC01}.Debug|x86.Build.0 = Debug|x86
		{AFDF8F16-E785-48CD-B6D8-9155FFCADC01}.Release|Any CPU.ActiveCfg = Release|Any CPU
		{AFDF8F16-E785-48CD-B6D8-9155FFCADC01}.Release|Any CPU.Build.0 = Release|Any CPU
		{AFDF8F16-E785-48CD-B6D8-9155FFCADC01}.Release|x64.ActiveCfg = Release|x64
		{AFDF8F16-E785-48CD-B6D8-9155FFCADC01}.Release|x64.Build.0 = Release|x64
		{AFDF8F16-E785-48CD-B6D8-9155FFCADC01}.Release|x86.ActiveCfg = Release|x86
		{AFDF8F16-E785-48CD-B6D8-9155FFCADC01}.Release|x86.Build.0 = Release|x86
	EndGlobalSection
	GlobalSection(SolutionProperties) = preSolution
		HideSolutionNode = FALSE
	EndGlobalSection
	GlobalSection(NestedProjects) = preSolution
		{D9E171E6-550A-45DD-8A24-CE04A9A44185} = {AC98F80E-56BC-431E-9A34-ED5359015CBA}
		{C3E57D9F-BF91-4FF2-980D-64FD7212637A} = {AC98F80E-56BC-431E-9A34-ED5359015CBA}
		{DB972E27-FF81-421D-94BA-89B25F6EF16A} = {C3E57D9F-BF91-4FF2-980D-64FD7212637A}
		{C5CEC1EE-11EC-47B9-BE2E-6F865EFBEFB7} = {DB972E27-FF81-421D-94BA-89B25F6EF16A}
		{AFDF8F16-E785-48CD-B6D8-9155FFCADC01} = {DB972E27-FF81-421D-94BA-89B25F6EF16A}
	EndGlobalSection
	GlobalSection(ExtensibilityGlobals) = postSolution
		SolutionGuid = {C83D1648-EB11-4B09-AACA-4134BE8A7B82}
	EndGlobalSection
EndGlobal
